// !$*UTF8*$!
{
	archiveVersion = 1;
	classes = {
	};
	objectVersion = 48;
	objects = {

/* Begin PBXBuildFile section */
		183DAD4C20764105002690DB /* LWNavigationComponentFactory.m in Sources */ = {isa = PBXBuildFile; fileRef = 183DAD4B20764105002690DB /* LWNavigationComponentFactory.m */; };
		183DAD5520772B76002690DB /* LWPullDownMenuContainer.m in Sources */ = {isa = PBXBuildFile; fileRef = 183DAD5420772B76002690DB /* LWPullDownMenuContainer.m */; };
		183DAD582077331A002690DB /* LWPullDownMenuWindow.m in Sources */ = {isa = PBXBuildFile; fileRef = 183DAD572077331A002690DB /* LWPullDownMenuWindow.m */; };
		183DAD5B20774541002690DB /* LWPullDownBaseViewController.m in Sources */ = {isa = PBXBuildFile; fileRef = 183DAD5A20774541002690DB /* LWPullDownBaseViewController.m */; };
		183DAE90207DC87A002690DB /* LWSegmentView.m in Sources */ = {isa = PBXBuildFile; fileRef = 183DAE8F207DC87A002690DB /* LWSegmentView.m */; };
		183DAE93207DCE2F002690DB /* LWSegmentViewCollectionViewCell.m in Sources */ = {isa = PBXBuildFile; fileRef = 183DAE92207DCE2F002690DB /* LWSegmentViewCollectionViewCell.m */; };
		183DB01F2082F13A002690DB /* LWEditableLabel.m in Sources */ = {isa = PBXBuildFile; fileRef = 183DB01E2082F13A002690DB /* LWEditableLabel.m */; };
		183DB0502083625F002690DB /* LWBottomMenuContainer.m in Sources */ = {isa = PBXBuildFile; fileRef = 183DB04F2083625F002690DB /* LWBottomMenuContainer.m */; };
		183DB05320836282002690DB /* LWBottomMenuWindow.m in Sources */ = {isa = PBXBuildFile; fileRef = 183DB05220836282002690DB /* LWBottomMenuWindow.m */; };
		183DB056208362AA002690DB /* LWBottomMenuViewController.m in Sources */ = {isa = PBXBuildFile; fileRef = 183DB055208362AA002690DB /* LWBottomMenuViewController.m */; };
		184272E620735E6600160987 /* LWTextFieldMenu.m in Sources */ = {isa = PBXBuildFile; fileRef = 184272E320735E6600160987 /* LWTextFieldMenu.m */; };
		184272E720735E6600160987 /* LWTextFieldMenuTableViewCell.m in Sources */ = {isa = PBXBuildFile; fileRef = 184272E520735E6600160987 /* LWTextFieldMenuTableViewCell.m */; };
		1842734F2074D9B500160987 /* LWCountDownComponent.m in Sources */ = {isa = PBXBuildFile; fileRef = 1842734E2074D9B500160987 /* LWCountDownComponent.m */; };
		18B688FC206B71D700AEBDAC /* AppDelegate.m in Sources */ = {isa = PBXBuildFile; fileRef = 18B688FB206B71D700AEBDAC /* AppDelegate.m */; };
		18B688FF206B71D700AEBDAC /* ViewController.m in Sources */ = {isa = PBXBuildFile; fileRef = 18B688FE206B71D700AEBDAC /* ViewController.m */; };
		18B68902206B71D700AEBDAC /* Main.storyboard in Resources */ = {isa = PBXBuildFile; fileRef = 18B68900206B71D700AEBDAC /* Main.storyboard */; };
		18B68904206B71D700AEBDAC /* Assets.xcassets in Resources */ = {isa = PBXBuildFile; fileRef = 18B68903206B71D700AEBDAC /* Assets.xcassets */; };
		18B68907206B71D700AEBDAC /* LaunchScreen.storyboard in Resources */ = {isa = PBXBuildFile; fileRef = 18B68905206B71D700AEBDAC /* LaunchScreen.storyboard */; };
		18B6890A206B71D700AEBDAC /* main.m in Sources */ = {isa = PBXBuildFile; fileRef = 18B68909206B71D700AEBDAC /* main.m */; };
		18B68914206B71D700AEBDAC /* LWModulesTests.m in Sources */ = {isa = PBXBuildFile; fileRef = 18B68913206B71D700AEBDAC /* LWModulesTests.m */; };
		18B6891F206B71D700AEBDAC /* LWModulesUITests.m in Sources */ = {isa = PBXBuildFile; fileRef = 18B6891E206B71D700AEBDAC /* LWModulesUITests.m */; };
		18B68933206B7AC400AEBDAC /* LWLoginModule.m in Sources */ = {isa = PBXBuildFile; fileRef = 18B68932206B7AC400AEBDAC /* LWLoginModule.m */; };
		18B68937206B90DD00AEBDAC /* LWLoginRequest.m in Sources */ = {isa = PBXBuildFile; fileRef = 18B68936206B90DD00AEBDAC /* LWLoginRequest.m */; };
		18B6894F206CB28600AEBDAC /* LWFlowLayoutView.m in Sources */ = {isa = PBXBuildFile; fileRef = 18B6894E206CB28600AEBDAC /* LWFlowLayoutView.m */; };
		18B68952206CB2DC00AEBDAC /* LWFlowLayoutTableViewCell.m in Sources */ = {isa = PBXBuildFile; fileRef = 18B68951206CB2DC00AEBDAC /* LWFlowLayoutTableViewCell.m */; };
		18B68956206CC05500AEBDAC /* DemoLoginViewController.m in Sources */ = {isa = PBXBuildFile; fileRef = 18B68955206CC05500AEBDAC /* DemoLoginViewController.m */; };
		18B68959206CC09100AEBDAC /* DemoLoginInputView.m in Sources */ = {isa = PBXBuildFile; fileRef = 18B68958206CC09100AEBDAC /* DemoLoginInputView.m */; };
		18B6895D206CE86E00AEBDAC /* LWErrorFilter.m in Sources */ = {isa = PBXBuildFile; fileRef = 18B6895C206CE86E00AEBDAC /* LWErrorFilter.m */; };
		18B68962206D0EC300AEBDAC /* ErrorCode.geojson in Resources */ = {isa = PBXBuildFile; fileRef = 18B68961206CFF9500AEBDAC /* ErrorCode.geojson */; };
		18B68A3C20709BE300AEBDAC /* LW_LoginBindModel.m in Sources */ = {isa = PBXBuildFile; fileRef = 18B68A2F20709BE300AEBDAC /* LW_LoginBindModel.m */; };
		18B68A3D20709BE300AEBDAC /* LW_LoginCommonModel.m in Sources */ = {isa = PBXBuildFile; fileRef = 18B68A3220709BE300AEBDAC /* LW_LoginCommonModel.m */; };
		18B68A3E20709BE300AEBDAC /* LW_LoginModule.m in Sources */ = {isa = PBXBuildFile; fileRef = 18B68A3520709BE300AEBDAC /* LW_LoginModule.m */; };
		18B68A3F20709BE300AEBDAC /* LW_LoginRequest.m in Sources */ = {isa = PBXBuildFile; fileRef = 18B68A3820709BE300AEBDAC /* LW_LoginRequest.m */; };
		18B68A4020709BE300AEBDAC /* LW_LoginViewController.m in Sources */ = {isa = PBXBuildFile; fileRef = 18B68A3B20709BE300AEBDAC /* LW_LoginViewController.m */; };
		18B68A9A2071E1B400AEBDAC /* UIButton+LWEnlargeReact.m in Sources */ = {isa = PBXBuildFile; fileRef = 18B68A992071E1B400AEBDAC /* UIButton+LWEnlargeReact.m */; };
		18B68AB02071E63C00AEBDAC /* UIViewController+LWOverwrite.m in Sources */ = {isa = PBXBuildFile; fileRef = 18B68AAF2071E63C00AEBDAC /* UIViewController+LWOverwrite.m */; };
		9972A85871673AEF6BC03FAB /* libPods-LWModulesTests.a in Frameworks */ = {isa = PBXBuildFile; fileRef = FE6CD5F936CA05DEAEF99D97 /* libPods-LWModulesTests.a */; };
		9B32EAF527BCA2CD9E807ABB /* libPods-LWModulesUITests.a in Frameworks */ = {isa = PBXBuildFile; fileRef = 13DC6DB93837CD4FE76C6DCA /* libPods-LWModulesUITests.a */; };
		B88BA79FA66B2EA88D47E017 /* libPods-LWModules.a in Frameworks */ = {isa = PBXBuildFile; fileRef = 6699924A817BBC21AD2C2E11 /* libPods-LWModules.a */; };
/* End PBXBuildFile section */

/* Begin PBXContainerItemProxy section */
		18B68910206B71D700AEBDAC /* PBXContainerItemProxy */ = {
			isa = PBXContainerItemProxy;
			containerPortal = 18B688EF206B71D700AEBDAC /* Project object */;
			proxyType = 1;
			remoteGlobalIDString = 18B688F6206B71D700AEBDAC;
			remoteInfo = LWModules;
		};
		18B6891B206B71D700AEBDAC /* PBXContainerItemProxy */ = {
			isa = PBXContainerItemProxy;
			containerPortal = 18B688EF206B71D700AEBDAC /* Project object */;
			proxyType = 1;
			remoteGlobalIDString = 18B688F6206B71D700AEBDAC;
			remoteInfo = LWModules;
		};
/* End PBXContainerItemProxy section */

/* Begin PBXFileReference section */
		0952F2B5297BFFDAD43066BA /* Pods-LWModules.debug.xcconfig */ = {isa = PBXFileReference; includeInIndex = 1; lastKnownFileType = text.xcconfig; name = "Pods-LWModules.debug.xcconfig"; path = "Pods/Target Support Files/Pods-LWModules/Pods-LWModules.debug.xcconfig"; sourceTree = "<group>"; };
		13DC6DB93837CD4FE76C6DCA /* libPods-LWModulesUITests.a */ = {isa = PBXFileReference; explicitFileType = archive.ar; includeInIndex = 0; path = "libPods-LWModulesUITests.a"; sourceTree = BUILT_PRODUCTS_DIR; };
		183DAD4A20764105002690DB /* LWNavigationComponentFactory.h */ = {isa = PBXFileReference; lastKnownFileType = sourcecode.c.h; path = LWNavigationComponentFactory.h; sourceTree = "<group>"; };
		183DAD4B20764105002690DB /* LWNavigationComponentFactory.m */ = {isa = PBXFileReference; lastKnownFileType = sourcecode.c.objc; path = LWNavigationComponentFactory.m; sourceTree = "<group>"; };
		183DAD5320772B76002690DB /* LWPullDownMenuContainer.h */ = {isa = PBXFileReference; lastKnownFileType = sourcecode.c.h; path = LWPullDownMenuContainer.h; sourceTree = "<group>"; };
		183DAD5420772B76002690DB /* LWPullDownMenuContainer.m */ = {isa = PBXFileReference; lastKnownFileType = sourcecode.c.objc; path = LWPullDownMenuContainer.m; sourceTree = "<group>"; };
		183DAD562077331A002690DB /* LWPullDownMenuWindow.h */ = {isa = PBXFileReference; lastKnownFileType = sourcecode.c.h; path = LWPullDownMenuWindow.h; sourceTree = "<group>"; };
		183DAD572077331A002690DB /* LWPullDownMenuWindow.m */ = {isa = PBXFileReference; lastKnownFileType = sourcecode.c.objc; path = LWPullDownMenuWindow.m; sourceTree = "<group>"; };
		183DAD5920774541002690DB /* LWPullDownBaseViewController.h */ = {isa = PBXFileReference; lastKnownFileType = sourcecode.c.h; path = LWPullDownBaseViewController.h; sourceTree = "<group>"; };
		183DAD5A20774541002690DB /* LWPullDownBaseViewController.m */ = {isa = PBXFileReference; lastKnownFileType = sourcecode.c.objc; path = LWPullDownBaseViewController.m; sourceTree = "<group>"; };
		183DADD02078F070002690DB /* NICK_ThirdPartProtocol.h */ = {isa = PBXFileReference; lastKnownFileType = sourcecode.c.h; path = NICK_ThirdPartProtocol.h; sourceTree = "<group>"; };
		183DAE8E207DC87A002690DB /* LWSegmentView.h */ = {isa = PBXFileReference; lastKnownFileType = sourcecode.c.h; path = LWSegmentView.h; sourceTree = "<group>"; };
		183DAE8F207DC87A002690DB /* LWSegmentView.m */ = {isa = PBXFileReference; lastKnownFileType = sourcecode.c.objc; path = LWSegmentView.m; sourceTree = "<group>"; };
		183DAE91207DCE2F002690DB /* LWSegmentViewCollectionViewCell.h */ = {isa = PBXFileReference; lastKnownFileType = sourcecode.c.h; path = LWSegmentViewCollectionViewCell.h; sourceTree = "<group>"; };
		183DAE92207DCE2F002690DB /* LWSegmentViewCollectionViewCell.m */ = {isa = PBXFileReference; lastKnownFileType = sourcecode.c.objc; path = LWSegmentViewCollectionViewCell.m; sourceTree = "<group>"; };
		183DB01D2082F13A002690DB /* LWEditableLabel.h */ = {isa = PBXFileReference; lastKnownFileType = sourcecode.c.h; path = LWEditableLabel.h; sourceTree = "<group>"; };
		183DB01E2082F13A002690DB /* LWEditableLabel.m */ = {isa = PBXFileReference; lastKnownFileType = sourcecode.c.objc; path = LWEditableLabel.m; sourceTree = "<group>"; };
		183DB04E2083625F002690DB /* LWBottomMenuContainer.h */ = {isa = PBXFileReference; lastKnownFileType = sourcecode.c.h; path = LWBottomMenuContainer.h; sourceTree = "<group>"; };
		183DB04F2083625F002690DB /* LWBottomMenuContainer.m */ = {isa = PBXFileReference; lastKnownFileType = sourcecode.c.objc; path = LWBottomMenuContainer.m; sourceTree = "<group>"; };
		183DB05120836282002690DB /* LWBottomMenuWindow.h */ = {isa = PBXFileReference; lastKnownFileType = sourcecode.c.h; path = LWBottomMenuWindow.h; sourceTree = "<group>"; };
		183DB05220836282002690DB /* LWBottomMenuWindow.m */ = {isa = PBXFileReference; lastKnownFileType = sourcecode.c.objc; path = LWBottomMenuWindow.m; sourceTree = "<group>"; };
		183DB054208362AA002690DB /* LWBottomMenuViewController.h */ = {isa = PBXFileReference; lastKnownFileType = sourcecode.c.h; path = LWBottomMenuViewController.h; sourceTree = "<group>"; };
		183DB055208362AA002690DB /* LWBottomMenuViewController.m */ = {isa = PBXFileReference; lastKnownFileType = sourcecode.c.objc; path = LWBottomMenuViewController.m; sourceTree = "<group>"; };
		184272E220735E6600160987 /* LWTextFieldMenu.h */ = {isa = PBXFileReference; fileEncoding = 4; lastKnownFileType = sourcecode.c.h; path = LWTextFieldMenu.h; sourceTree = "<group>"; };
		184272E320735E6600160987 /* LWTextFieldMenu.m */ = {isa = PBXFileReference; fileEncoding = 4; lastKnownFileType = sourcecode.c.objc; path = LWTextFieldMenu.m; sourceTree = "<group>"; };
		184272E420735E6600160987 /* LWTextFieldMenuTableViewCell.h */ = {isa = PBXFileReference; fileEncoding = 4; lastKnownFileType = sourcecode.c.h; path = LWTextFieldMenuTableViewCell.h; sourceTree = "<group>"; };
		184272E520735E6600160987 /* LWTextFieldMenuTableViewCell.m */ = {isa = PBXFileReference; fileEncoding = 4; lastKnownFileType = sourcecode.c.objc; path = LWTextFieldMenuTableViewCell.m; sourceTree = "<group>"; };
		1842734D2074D9B500160987 /* LWCountDownComponent.h */ = {isa = PBXFileReference; fileEncoding = 4; lastKnownFileType = sourcecode.c.h; path = LWCountDownComponent.h; sourceTree = "<group>"; };
		1842734E2074D9B500160987 /* LWCountDownComponent.m */ = {isa = PBXFileReference; fileEncoding = 4; lastKnownFileType = sourcecode.c.objc; path = LWCountDownComponent.m; sourceTree = "<group>"; };
		18B688F7206B71D700AEBDAC /* LWModules.app */ = {isa = PBXFileReference; explicitFileType = wrapper.application; includeInIndex = 0; path = LWModules.app; sourceTree = BUILT_PRODUCTS_DIR; };
		18B688FA206B71D700AEBDAC /* AppDelegate.h */ = {isa = PBXFileReference; lastKnownFileType = sourcecode.c.h; path = AppDelegate.h; sourceTree = "<group>"; };
		18B688FB206B71D700AEBDAC /* AppDelegate.m */ = {isa = PBXFileReference; lastKnownFileType = sourcecode.c.objc; path = AppDelegate.m; sourceTree = "<group>"; };
		18B688FD206B71D700AEBDAC /* ViewController.h */ = {isa = PBXFileReference; lastKnownFileType = sourcecode.c.h; path = ViewController.h; sourceTree = "<group>"; };
		18B688FE206B71D700AEBDAC /* ViewController.m */ = {isa = PBXFileReference; lastKnownFileType = sourcecode.c.objc; path = ViewController.m; sourceTree = "<group>"; };
		18B68901206B71D700AEBDAC /* Base */ = {isa = PBXFileReference; lastKnownFileType = file.storyboard; name = Base; path = Base.lproj/Main.storyboard; sourceTree = "<group>"; };
		18B68903206B71D700AEBDAC /* Assets.xcassets */ = {isa = PBXFileReference; lastKnownFileType = folder.assetcatalog; path = Assets.xcassets; sourceTree = "<group>"; };
		18B68906206B71D700AEBDAC /* Base */ = {isa = PBXFileReference; lastKnownFileType = file.storyboard; name = Base; path = Base.lproj/LaunchScreen.storyboard; sourceTree = "<group>"; };
		18B68908206B71D700AEBDAC /* Info.plist */ = {isa = PBXFileReference; lastKnownFileType = text.plist.xml; path = Info.plist; sourceTree = "<group>"; };
		18B68909206B71D700AEBDAC /* main.m */ = {isa = PBXFileReference; lastKnownFileType = sourcecode.c.objc; path = main.m; sourceTree = "<group>"; };
		18B6890F206B71D700AEBDAC /* LWModulesTests.xctest */ = {isa = PBXFileReference; explicitFileType = wrapper.cfbundle; includeInIndex = 0; path = LWModulesTests.xctest; sourceTree = BUILT_PRODUCTS_DIR; };
		18B68913206B71D700AEBDAC /* LWModulesTests.m */ = {isa = PBXFileReference; lastKnownFileType = sourcecode.c.objc; path = LWModulesTests.m; sourceTree = "<group>"; };
		18B68915206B71D700AEBDAC /* Info.plist */ = {isa = PBXFileReference; lastKnownFileType = text.plist.xml; path = Info.plist; sourceTree = "<group>"; };
		18B6891A206B71D700AEBDAC /* LWModulesUITests.xctest */ = {isa = PBXFileReference; explicitFileType = wrapper.cfbundle; includeInIndex = 0; path = LWModulesUITests.xctest; sourceTree = BUILT_PRODUCTS_DIR; };
		18B6891E206B71D700AEBDAC /* LWModulesUITests.m */ = {isa = PBXFileReference; lastKnownFileType = sourcecode.c.objc; path = LWModulesUITests.m; sourceTree = "<group>"; };
		18B68920206B71D700AEBDAC /* Info.plist */ = {isa = PBXFileReference; lastKnownFileType = text.plist.xml; path = Info.plist; sourceTree = "<group>"; };
		18B68931206B7AC400AEBDAC /* LWLoginModule.h */ = {isa = PBXFileReference; lastKnownFileType = sourcecode.c.h; path = LWLoginModule.h; sourceTree = "<group>"; };
		18B68932206B7AC400AEBDAC /* LWLoginModule.m */ = {isa = PBXFileReference; lastKnownFileType = sourcecode.c.objc; path = LWLoginModule.m; sourceTree = "<group>"; };
		18B68935206B90DD00AEBDAC /* LWLoginRequest.h */ = {isa = PBXFileReference; lastKnownFileType = sourcecode.c.h; path = LWLoginRequest.h; sourceTree = "<group>"; };
		18B68936206B90DD00AEBDAC /* LWLoginRequest.m */ = {isa = PBXFileReference; lastKnownFileType = sourcecode.c.objc; path = LWLoginRequest.m; sourceTree = "<group>"; };
		18B6894D206CB28600AEBDAC /* LWFlowLayoutView.h */ = {isa = PBXFileReference; lastKnownFileType = sourcecode.c.h; path = LWFlowLayoutView.h; sourceTree = "<group>"; };
		18B6894E206CB28600AEBDAC /* LWFlowLayoutView.m */ = {isa = PBXFileReference; lastKnownFileType = sourcecode.c.objc; path = LWFlowLayoutView.m; sourceTree = "<group>"; };
		18B68950206CB2DC00AEBDAC /* LWFlowLayoutTableViewCell.h */ = {isa = PBXFileReference; lastKnownFileType = sourcecode.c.h; path = LWFlowLayoutTableViewCell.h; sourceTree = "<group>"; };
		18B68951206CB2DC00AEBDAC /* LWFlowLayoutTableViewCell.m */ = {isa = PBXFileReference; lastKnownFileType = sourcecode.c.objc; path = LWFlowLayoutTableViewCell.m; sourceTree = "<group>"; };
		18B68954206CC05500AEBDAC /* DemoLoginViewController.h */ = {isa = PBXFileReference; lastKnownFileType = sourcecode.c.h; path = DemoLoginViewController.h; sourceTree = "<group>"; };
		18B68955206CC05500AEBDAC /* DemoLoginViewController.m */ = {isa = PBXFileReference; lastKnownFileType = sourcecode.c.objc; path = DemoLoginViewController.m; sourceTree = "<group>"; };
		18B68957206CC09100AEBDAC /* DemoLoginInputView.h */ = {isa = PBXFileReference; lastKnownFileType = sourcecode.c.h; path = DemoLoginInputView.h; sourceTree = "<group>"; };
		18B68958206CC09100AEBDAC /* DemoLoginInputView.m */ = {isa = PBXFileReference; lastKnownFileType = sourcecode.c.objc; path = DemoLoginInputView.m; sourceTree = "<group>"; };
		18B6895B206CE86E00AEBDAC /* LWErrorFilter.h */ = {isa = PBXFileReference; lastKnownFileType = sourcecode.c.h; path = LWErrorFilter.h; sourceTree = "<group>"; };
		18B6895C206CE86E00AEBDAC /* LWErrorFilter.m */ = {isa = PBXFileReference; lastKnownFileType = sourcecode.c.objc; path = LWErrorFilter.m; sourceTree = "<group>"; };
		18B68961206CFF9500AEBDAC /* ErrorCode.geojson */ = {isa = PBXFileReference; lastKnownFileType = text; path = ErrorCode.geojson; sourceTree = "<group>"; };
		18B68A2E20709BE300AEBDAC /* LW_LoginBindModel.h */ = {isa = PBXFileReference; fileEncoding = 4; lastKnownFileType = sourcecode.c.h; path = LW_LoginBindModel.h; sourceTree = "<group>"; };
		18B68A2F20709BE300AEBDAC /* LW_LoginBindModel.m */ = {isa = PBXFileReference; fileEncoding = 4; lastKnownFileType = sourcecode.c.objc; path = LW_LoginBindModel.m; sourceTree = "<group>"; };
		18B68A3120709BE300AEBDAC /* LW_LoginCommonModel.h */ = {isa = PBXFileReference; fileEncoding = 4; lastKnownFileType = sourcecode.c.h; path = LW_LoginCommonModel.h; sourceTree = "<group>"; };
		18B68A3220709BE300AEBDAC /* LW_LoginCommonModel.m */ = {isa = PBXFileReference; fileEncoding = 4; lastKnownFileType = sourcecode.c.objc; path = LW_LoginCommonModel.m; sourceTree = "<group>"; };
		18B68A3420709BE300AEBDAC /* LW_LoginModule.h */ = {isa = PBXFileReference; fileEncoding = 4; lastKnownFileType = sourcecode.c.h; path = LW_LoginModule.h; sourceTree = "<group>"; };
		18B68A3520709BE300AEBDAC /* LW_LoginModule.m */ = {isa = PBXFileReference; fileEncoding = 4; lastKnownFileType = sourcecode.c.objc; path = LW_LoginModule.m; sourceTree = "<group>"; };
		18B68A3720709BE300AEBDAC /* LW_LoginRequest.h */ = {isa = PBXFileReference; fileEncoding = 4; lastKnownFileType = sourcecode.c.h; path = LW_LoginRequest.h; sourceTree = "<group>"; };
		18B68A3820709BE300AEBDAC /* LW_LoginRequest.m */ = {isa = PBXFileReference; fileEncoding = 4; lastKnownFileType = sourcecode.c.objc; path = LW_LoginRequest.m; sourceTree = "<group>"; };
		18B68A3A20709BE300AEBDAC /* LW_LoginViewController.h */ = {isa = PBXFileReference; fileEncoding = 4; lastKnownFileType = sourcecode.c.h; path = LW_LoginViewController.h; sourceTree = "<group>"; };
		18B68A3B20709BE300AEBDAC /* LW_LoginViewController.m */ = {isa = PBXFileReference; fileEncoding = 4; lastKnownFileType = sourcecode.c.objc; path = LW_LoginViewController.m; sourceTree = "<group>"; };
		18B68A982071E1B400AEBDAC /* UIButton+LWEnlargeReact.h */ = {isa = PBXFileReference; lastKnownFileType = sourcecode.c.h; path = "UIButton+LWEnlargeReact.h"; sourceTree = "<group>"; };
		18B68A992071E1B400AEBDAC /* UIButton+LWEnlargeReact.m */ = {isa = PBXFileReference; lastKnownFileType = sourcecode.c.objc; path = "UIButton+LWEnlargeReact.m"; sourceTree = "<group>"; };
		18B68AAE2071E63C00AEBDAC /* UIViewController+LWOverwrite.h */ = {isa = PBXFileReference; lastKnownFileType = sourcecode.c.h; path = "UIViewController+LWOverwrite.h"; sourceTree = "<group>"; };
		18B68AAF2071E63C00AEBDAC /* UIViewController+LWOverwrite.m */ = {isa = PBXFileReference; lastKnownFileType = sourcecode.c.objc; path = "UIViewController+LWOverwrite.m"; sourceTree = "<group>"; };
		4543AFC0B576B6108B475179 /* Pods-LWModulesUITests.release.xcconfig */ = {isa = PBXFileReference; includeInIndex = 1; lastKnownFileType = text.xcconfig; name = "Pods-LWModulesUITests.release.xcconfig"; path = "Pods/Target Support Files/Pods-LWModulesUITests/Pods-LWModulesUITests.release.xcconfig"; sourceTree = "<group>"; };
		4FB154F874E56F62B9C44271 /* Pods-LWModulesTests.debug.xcconfig */ = {isa = PBXFileReference; includeInIndex = 1; lastKnownFileType = text.xcconfig; name = "Pods-LWModulesTests.debug.xcconfig"; path = "Pods/Target Support Files/Pods-LWModulesTests/Pods-LWModulesTests.debug.xcconfig"; sourceTree = "<group>"; };
		61C26DEEB74E4FC969BDE749 /* Pods-LWModulesUITests.debug.xcconfig */ = {isa = PBXFileReference; includeInIndex = 1; lastKnownFileType = text.xcconfig; name = "Pods-LWModulesUITests.debug.xcconfig"; path = "Pods/Target Support Files/Pods-LWModulesUITests/Pods-LWModulesUITests.debug.xcconfig"; sourceTree = "<group>"; };
		6699924A817BBC21AD2C2E11 /* libPods-LWModules.a */ = {isa = PBXFileReference; explicitFileType = archive.ar; includeInIndex = 0; path = "libPods-LWModules.a"; sourceTree = BUILT_PRODUCTS_DIR; };
		A1BF21A01138A5822383E1F2 /* Pods-LWModulesTests.release.xcconfig */ = {isa = PBXFileReference; includeInIndex = 1; lastKnownFileType = text.xcconfig; name = "Pods-LWModulesTests.release.xcconfig"; path = "Pods/Target Support Files/Pods-LWModulesTests/Pods-LWModulesTests.release.xcconfig"; sourceTree = "<group>"; };
		DD1FBFB6319654B99D32DA28 /* Pods-LWModules.release.xcconfig */ = {isa = PBXFileReference; includeInIndex = 1; lastKnownFileType = text.xcconfig; name = "Pods-LWModules.release.xcconfig"; path = "Pods/Target Support Files/Pods-LWModules/Pods-LWModules.release.xcconfig"; sourceTree = "<group>"; };
		FE6CD5F936CA05DEAEF99D97 /* libPods-LWModulesTests.a */ = {isa = PBXFileReference; explicitFileType = archive.ar; includeInIndex = 0; path = "libPods-LWModulesTests.a"; sourceTree = BUILT_PRODUCTS_DIR; };
/* End PBXFileReference section */

/* Begin PBXFrameworksBuildPhase section */
		18B688F4206B71D700AEBDAC /* Frameworks */ = {
			isa = PBXFrameworksBuildPhase;
			buildActionMask = 2147483647;
			files = (
				B88BA79FA66B2EA88D47E017 /* libPods-LWModules.a in Frameworks */,
			);
			runOnlyForDeploymentPostprocessing = 0;
		};
		18B6890C206B71D700AEBDAC /* Frameworks */ = {
			isa = PBXFrameworksBuildPhase;
			buildActionMask = 2147483647;
			files = (
				9972A85871673AEF6BC03FAB /* libPods-LWModulesTests.a in Frameworks */,
			);
			runOnlyForDeploymentPostprocessing = 0;
		};
		18B68917206B71D700AEBDAC /* Frameworks */ = {
			isa = PBXFrameworksBuildPhase;
			buildActionMask = 2147483647;
			files = (
				9B32EAF527BCA2CD9E807ABB /* libPods-LWModulesUITests.a in Frameworks */,
			);
			runOnlyForDeploymentPostprocessing = 0;
		};
/* End PBXFrameworksBuildPhase section */

/* Begin PBXGroup section */
		183DAD49207640E4002690DB /* LWNavigationComponentFactory */ = {
			isa = PBXGroup;
			children = (
				183DAD4A20764105002690DB /* LWNavigationComponentFactory.h */,
				183DAD4B20764105002690DB /* LWNavigationComponentFactory.m */,
			);
			path = LWNavigationComponentFactory;
			sourceTree = "<group>";
		};
		183DAD522077296A002690DB /* LWPullDownMenu */ = {
			isa = PBXGroup;
			children = (
				183DAD5320772B76002690DB /* LWPullDownMenuContainer.h */,
				183DAD5420772B76002690DB /* LWPullDownMenuContainer.m */,
				183DAD562077331A002690DB /* LWPullDownMenuWindow.h */,
				183DAD572077331A002690DB /* LWPullDownMenuWindow.m */,
				183DAD5920774541002690DB /* LWPullDownBaseViewController.h */,
				183DAD5A20774541002690DB /* LWPullDownBaseViewController.m */,
			);
			path = LWPullDownMenu;
			sourceTree = "<group>";
		};
		183DADCF2078F025002690DB /* NICK_ThirdPart */ = {
			isa = PBXGroup;
			children = (
				183DADD02078F070002690DB /* NICK_ThirdPartProtocol.h */,
			);
			name = NICK_ThirdPart;
			path = LWModules/NICK_ThirdPart;
			sourceTree = "<group>";
		};
		183DAE8D207DC81A002690DB /* LWSegmentView */ = {
			isa = PBXGroup;
			children = (
				183DAE8E207DC87A002690DB /* LWSegmentView.h */,
				183DAE8F207DC87A002690DB /* LWSegmentView.m */,
				183DAE91207DCE2F002690DB /* LWSegmentViewCollectionViewCell.h */,
				183DAE92207DCE2F002690DB /* LWSegmentViewCollectionViewCell.m */,
			);
			path = LWSegmentView;
			sourceTree = "<group>";
		};
		183DB01C2082F124002690DB /* LWEditableLabel */ = {
			isa = PBXGroup;
			children = (
				183DB01D2082F13A002690DB /* LWEditableLabel.h */,
				183DB01E2082F13A002690DB /* LWEditableLabel.m */,
			);
			path = LWEditableLabel;
			sourceTree = "<group>";
		};
		183DB04D2083621E002690DB /* LWBottomMenu */ = {
			isa = PBXGroup;
			children = (
				183DB04E2083625F002690DB /* LWBottomMenuContainer.h */,
				183DB04F2083625F002690DB /* LWBottomMenuContainer.m */,
				183DB05120836282002690DB /* LWBottomMenuWindow.h */,
				183DB05220836282002690DB /* LWBottomMenuWindow.m */,
				183DB054208362AA002690DB /* LWBottomMenuViewController.h */,
				183DB055208362AA002690DB /* LWBottomMenuViewController.m */,
			);
			path = LWBottomMenu;
			sourceTree = "<group>";
		};
		184272E020735E6600160987 /* Views */ = {
			isa = PBXGroup;
			children = (
				183DB04D2083621E002690DB /* LWBottomMenu */,
				183DB01C2082F124002690DB /* LWEditableLabel */,
				183DAE8D207DC81A002690DB /* LWSegmentView */,
				183DAD522077296A002690DB /* LWPullDownMenu */,
				183DAD49207640E4002690DB /* LWNavigationComponentFactory */,
				1842734C2074D9B500160987 /* LWCountDownComponent */,
				184272E120735E6600160987 /* LWTextFieldMenu */,
			);
			name = Views;
			path = LWModules/Views;
			sourceTree = "<group>";
		};
		184272E120735E6600160987 /* LWTextFieldMenu */ = {
			isa = PBXGroup;
			children = (
				184272E220735E6600160987 /* LWTextFieldMenu.h */,
				184272E320735E6600160987 /* LWTextFieldMenu.m */,
				184272E420735E6600160987 /* LWTextFieldMenuTableViewCell.h */,
				184272E520735E6600160987 /* LWTextFieldMenuTableViewCell.m */,
			);
			path = LWTextFieldMenu;
			sourceTree = "<group>";
		};
		1842734C2074D9B500160987 /* LWCountDownComponent */ = {
			isa = PBXGroup;
			children = (
				1842734D2074D9B500160987 /* LWCountDownComponent.h */,
				1842734E2074D9B500160987 /* LWCountDownComponent.m */,
			);
			path = LWCountDownComponent;
			sourceTree = "<group>";
		};
		18B688EE206B71D700AEBDAC = {
			isa = PBXGroup;
			children = (
				183DADCF2078F025002690DB /* NICK_ThirdPart */,
				184272E020735E6600160987 /* Views */,
				18B68A942071D8C000AEBDAC /* LWNavigationBar */,
				18B68953206CC04300AEBDAC /* Demo */,
				18B68949206CB23600AEBDAC /* LWFlowLayoutViewController */,
				18B688F9206B71D700AEBDAC /* LWModules */,
				18B68912206B71D700AEBDAC /* LWModulesTests */,
				18B6891D206B71D700AEBDAC /* LWModulesUITests */,
				18B688F8206B71D700AEBDAC /* Products */,
				A7A71A4B9552D0687895975B /* Pods */,
				7A17ACE6D50896450319948F /* Frameworks */,
			);
			sourceTree = "<group>";
		};
		18B688F8206B71D700AEBDAC /* Products */ = {
			isa = PBXGroup;
			children = (
				18B688F7206B71D700AEBDAC /* LWModules.app */,
				18B6890F206B71D700AEBDAC /* LWModulesTests.xctest */,
				18B6891A206B71D700AEBDAC /* LWModulesUITests.xctest */,
			);
			name = Products;
			sourceTree = "<group>";
		};
		18B688F9206B71D700AEBDAC /* LWModules */ = {
			isa = PBXGroup;
			children = (
				18B6895A206CE7DF00AEBDAC /* LWErrorModules */,
				18B6892D206B7A7400AEBDAC /* LWLoginModules */,
				18B688FA206B71D700AEBDAC /* AppDelegate.h */,
				18B688FB206B71D700AEBDAC /* AppDelegate.m */,
				18B688FD206B71D700AEBDAC /* ViewController.h */,
				18B688FE206B71D700AEBDAC /* ViewController.m */,
				18B68900206B71D700AEBDAC /* Main.storyboard */,
				18B68903206B71D700AEBDAC /* Assets.xcassets */,
				18B68905206B71D700AEBDAC /* LaunchScreen.storyboard */,
				18B68908206B71D700AEBDAC /* Info.plist */,
				18B68909206B71D700AEBDAC /* main.m */,
			);
			path = LWModules;
			sourceTree = "<group>";
		};
		18B68912206B71D700AEBDAC /* LWModulesTests */ = {
			isa = PBXGroup;
			children = (
				18B68913206B71D700AEBDAC /* LWModulesTests.m */,
				18B68915206B71D700AEBDAC /* Info.plist */,
			);
			path = LWModulesTests;
			sourceTree = "<group>";
		};
		18B6891D206B71D700AEBDAC /* LWModulesUITests */ = {
			isa = PBXGroup;
			children = (
				18B6891E206B71D700AEBDAC /* LWModulesUITests.m */,
				18B68920206B71D700AEBDAC /* Info.plist */,
			);
			path = LWModulesUITests;
			sourceTree = "<group>";
		};
		18B6892D206B7A7400AEBDAC /* LWLoginModules */ = {
			isa = PBXGroup;
			children = (
				18B6892E206B7A7400AEBDAC /* LWForgetPasswordModule */,
				18B6892F206B7A7400AEBDAC /* LWLoginModule */,
				18B68930206B7A7400AEBDAC /* LWRegisterModule */,
			);
			path = LWLoginModules;
			sourceTree = "<group>";
		};
		18B6892E206B7A7400AEBDAC /* LWForgetPasswordModule */ = {
			isa = PBXGroup;
			children = (
			);
			path = LWForgetPasswordModule;
			sourceTree = "<group>";
		};
		18B6892F206B7A7400AEBDAC /* LWLoginModule */ = {
			isa = PBXGroup;
			children = (
				18B68A2C20709BE300AEBDAC /* Login */,
				18B68931206B7AC400AEBDAC /* LWLoginModule.h */,
				18B68932206B7AC400AEBDAC /* LWLoginModule.m */,
				18B68935206B90DD00AEBDAC /* LWLoginRequest.h */,
				18B68936206B90DD00AEBDAC /* LWLoginRequest.m */,
			);
			path = LWLoginModule;
			sourceTree = "<group>";
		};
		18B68930206B7A7400AEBDAC /* LWRegisterModule */ = {
			isa = PBXGroup;
			children = (
			);
			path = LWRegisterModule;
			sourceTree = "<group>";
		};
		18B68949206CB23600AEBDAC /* LWFlowLayoutViewController */ = {
			isa = PBXGroup;
			children = (
				18B6894D206CB28600AEBDAC /* LWFlowLayoutView.h */,
				18B6894E206CB28600AEBDAC /* LWFlowLayoutView.m */,
				18B68950206CB2DC00AEBDAC /* LWFlowLayoutTableViewCell.h */,
				18B68951206CB2DC00AEBDAC /* LWFlowLayoutTableViewCell.m */,
			);
			name = LWFlowLayoutViewController;
			path = LWModules/LWFlowLayoutViewController;
			sourceTree = "<group>";
		};
		18B68953206CC04300AEBDAC /* Demo */ = {
			isa = PBXGroup;
			children = (
				18B68961206CFF9500AEBDAC /* ErrorCode.geojson */,
				18B68954206CC05500AEBDAC /* DemoLoginViewController.h */,
				18B68955206CC05500AEBDAC /* DemoLoginViewController.m */,
				18B68957206CC09100AEBDAC /* DemoLoginInputView.h */,
				18B68958206CC09100AEBDAC /* DemoLoginInputView.m */,
			);
			path = Demo;
			sourceTree = "<group>";
		};
		18B6895A206CE7DF00AEBDAC /* LWErrorModules */ = {
			isa = PBXGroup;
			children = (
				18B6895B206CE86E00AEBDAC /* LWErrorFilter.h */,
				18B6895C206CE86E00AEBDAC /* LWErrorFilter.m */,
			);
			path = LWErrorModules;
			sourceTree = "<group>";
		};
		18B68A2C20709BE300AEBDAC /* Login */ = {
			isa = PBXGroup;
			children = (
				18B68A2D20709BE300AEBDAC /* BindModel */,
				18B68A3020709BE300AEBDAC /* CommonModel */,
				18B68A3320709BE300AEBDAC /* Module */,
				18B68A3620709BE300AEBDAC /* Request */,
				18B68A3920709BE300AEBDAC /* ViewController */,
			);
			path = Login;
			sourceTree = "<group>";
		};
		18B68A2D20709BE300AEBDAC /* BindModel */ = {
			isa = PBXGroup;
			children = (
				18B68A2E20709BE300AEBDAC /* LW_LoginBindModel.h */,
				18B68A2F20709BE300AEBDAC /* LW_LoginBindModel.m */,
			);
			path = BindModel;
			sourceTree = "<group>";
		};
		18B68A3020709BE300AEBDAC /* CommonModel */ = {
			isa = PBXGroup;
			children = (
				18B68A3120709BE300AEBDAC /* LW_LoginCommonModel.h */,
				18B68A3220709BE300AEBDAC /* LW_LoginCommonModel.m */,
			);
			path = CommonModel;
			sourceTree = "<group>";
		};
		18B68A3320709BE300AEBDAC /* Module */ = {
			isa = PBXGroup;
			children = (
				18B68A3420709BE300AEBDAC /* LW_LoginModule.h */,
				18B68A3520709BE300AEBDAC /* LW_LoginModule.m */,
			);
			path = Module;
			sourceTree = "<group>";
		};
		18B68A3620709BE300AEBDAC /* Request */ = {
			isa = PBXGroup;
			children = (
				18B68A3720709BE300AEBDAC /* LW_LoginRequest.h */,
				18B68A3820709BE300AEBDAC /* LW_LoginRequest.m */,
			);
			path = Request;
			sourceTree = "<group>";
		};
		18B68A3920709BE300AEBDAC /* ViewController */ = {
			isa = PBXGroup;
			children = (
				18B68A3A20709BE300AEBDAC /* LW_LoginViewController.h */,
				18B68A3B20709BE300AEBDAC /* LW_LoginViewController.m */,
			);
			path = ViewController;
			sourceTree = "<group>";
		};
		18B68A942071D8C000AEBDAC /* LWNavigationBar */ = {
			isa = PBXGroup;
			children = (
				18B68A982071E1B400AEBDAC /* UIButton+LWEnlargeReact.h */,
				18B68A992071E1B400AEBDAC /* UIButton+LWEnlargeReact.m */,
				18B68AAE2071E63C00AEBDAC /* UIViewController+LWOverwrite.h */,
				18B68AAF2071E63C00AEBDAC /* UIViewController+LWOverwrite.m */,
			);
			name = LWNavigationBar;
			path = LWModules/LWNavigationBar;
			sourceTree = "<group>";
		};
		7A17ACE6D50896450319948F /* Frameworks */ = {
			isa = PBXGroup;
			children = (
				6699924A817BBC21AD2C2E11 /* libPods-LWModules.a */,
				FE6CD5F936CA05DEAEF99D97 /* libPods-LWModulesTests.a */,
				13DC6DB93837CD4FE76C6DCA /* libPods-LWModulesUITests.a */,
			);
			name = Frameworks;
			sourceTree = "<group>";
		};
		A7A71A4B9552D0687895975B /* Pods */ = {
			isa = PBXGroup;
			children = (
				0952F2B5297BFFDAD43066BA /* Pods-LWModules.debug.xcconfig */,
				DD1FBFB6319654B99D32DA28 /* Pods-LWModules.release.xcconfig */,
				4FB154F874E56F62B9C44271 /* Pods-LWModulesTests.debug.xcconfig */,
				A1BF21A01138A5822383E1F2 /* Pods-LWModulesTests.release.xcconfig */,
				61C26DEEB74E4FC969BDE749 /* Pods-LWModulesUITests.debug.xcconfig */,
				4543AFC0B576B6108B475179 /* Pods-LWModulesUITests.release.xcconfig */,
			);
			name = Pods;
			sourceTree = "<group>";
		};
/* End PBXGroup section */

/* Begin PBXNativeTarget section */
		18B688F6206B71D700AEBDAC /* LWModules */ = {
			isa = PBXNativeTarget;
			buildConfigurationList = 18B68923206B71D700AEBDAC /* Build configuration list for PBXNativeTarget "LWModules" */;
			buildPhases = (
				1055DB216EEE90BF56D2EEF2 /* [CP] Check Pods Manifest.lock */,
				18B688F3206B71D700AEBDAC /* Sources */,
				18B688F4206B71D700AEBDAC /* Frameworks */,
				18B688F5206B71D700AEBDAC /* Resources */,
				1B56B53BA1105C01A52F2AE3 /* [CP] Embed Pods Frameworks */,
				EFDAC11260CF4BE84D7981BE /* [CP] Copy Pods Resources */,
			);
			buildRules = (
			);
			dependencies = (
			);
			name = LWModules;
			productName = LWModules;
			productReference = 18B688F7206B71D700AEBDAC /* LWModules.app */;
			productType = "com.apple.product-type.application";
		};
		18B6890E206B71D700AEBDAC /* LWModulesTests */ = {
			isa = PBXNativeTarget;
			buildConfigurationList = 18B68926206B71D700AEBDAC /* Build configuration list for PBXNativeTarget "LWModulesTests" */;
			buildPhases = (
				18B3F5E4BAEB48DED8AA5E55 /* [CP] Check Pods Manifest.lock */,
				18B6890B206B71D700AEBDAC /* Sources */,
				18B6890C206B71D700AEBDAC /* Frameworks */,
				18B6890D206B71D700AEBDAC /* Resources */,
				6EC3BB2FF124796A55F1330E /* [CP] Embed Pods Frameworks */,
				EADBD1B906954D6ADE246B9F /* [CP] Copy Pods Resources */,
			);
			buildRules = (
			);
			dependencies = (
				18B68911206B71D700AEBDAC /* PBXTargetDependency */,
			);
			name = LWModulesTests;
			productName = LWModulesTests;
			productReference = 18B6890F206B71D700AEBDAC /* LWModulesTests.xctest */;
			productType = "com.apple.product-type.bundle.unit-test";
		};
		18B68919206B71D700AEBDAC /* LWModulesUITests */ = {
			isa = PBXNativeTarget;
			buildConfigurationList = 18B68929206B71D700AEBDAC /* Build configuration list for PBXNativeTarget "LWModulesUITests" */;
			buildPhases = (
				D2BAC7B63D52C10CD98CB10B /* [CP] Check Pods Manifest.lock */,
				18B68916206B71D700AEBDAC /* Sources */,
				18B68917206B71D700AEBDAC /* Frameworks */,
				18B68918206B71D700AEBDAC /* Resources */,
				C04151ACE8EE64D896E87018 /* [CP] Embed Pods Frameworks */,
				9A1541BA23D5CAF391182075 /* [CP] Copy Pods Resources */,
			);
			buildRules = (
			);
			dependencies = (
				18B6891C206B71D700AEBDAC /* PBXTargetDependency */,
			);
			name = LWModulesUITests;
			productName = LWModulesUITests;
			productReference = 18B6891A206B71D700AEBDAC /* LWModulesUITests.xctest */;
			productType = "com.apple.product-type.bundle.ui-testing";
		};
/* End PBXNativeTarget section */

/* Begin PBXProject section */
		18B688EF206B71D700AEBDAC /* Project object */ = {
			isa = PBXProject;
			attributes = {
				LastUpgradeCheck = 0920;
				ORGANIZATIONNAME = apple;
				TargetAttributes = {
					18B688F6206B71D700AEBDAC = {
						CreatedOnToolsVersion = 9.2;
						ProvisioningStyle = Automatic;
					};
					18B6890E206B71D700AEBDAC = {
						CreatedOnToolsVersion = 9.2;
						ProvisioningStyle = Automatic;
						TestTargetID = 18B688F6206B71D700AEBDAC;
					};
					18B68919206B71D700AEBDAC = {
						CreatedOnToolsVersion = 9.2;
						ProvisioningStyle = Automatic;
						TestTargetID = 18B688F6206B71D700AEBDAC;
					};
				};
			};
			buildConfigurationList = 18B688F2206B71D700AEBDAC /* Build configuration list for PBXProject "LWModules" */;
			compatibilityVersion = "Xcode 8.0";
			developmentRegion = en;
			hasScannedForEncodings = 0;
			knownRegions = (
				en,
				Base,
			);
			mainGroup = 18B688EE206B71D700AEBDAC;
			productRefGroup = 18B688F8206B71D700AEBDAC /* Products */;
			projectDirPath = "";
			projectRoot = "";
			targets = (
				18B688F6206B71D700AEBDAC /* LWModules */,
				18B6890E206B71D700AEBDAC /* LWModulesTests */,
				18B68919206B71D700AEBDAC /* LWModulesUITests */,
			);
		};
/* End PBXProject section */

/* Begin PBXResourcesBuildPhase section */
		18B688F5206B71D700AEBDAC /* Resources */ = {
			isa = PBXResourcesBuildPhase;
			buildActionMask = 2147483647;
			files = (
				18B68962206D0EC300AEBDAC /* ErrorCode.geojson in Resources */,
				18B68907206B71D700AEBDAC /* LaunchScreen.storyboard in Resources */,
				18B68904206B71D700AEBDAC /* Assets.xcassets in Resources */,
				18B68902206B71D700AEBDAC /* Main.storyboard in Resources */,
			);
			runOnlyForDeploymentPostprocessing = 0;
		};
		18B6890D206B71D700AEBDAC /* Resources */ = {
			isa = PBXResourcesBuildPhase;
			buildActionMask = 2147483647;
			files = (
			);
			runOnlyForDeploymentPostprocessing = 0;
		};
		18B68918206B71D700AEBDAC /* Resources */ = {
			isa = PBXResourcesBuildPhase;
			buildActionMask = 2147483647;
			files = (
			);
			runOnlyForDeploymentPostprocessing = 0;
		};
/* End PBXResourcesBuildPhase section */

/* Begin PBXShellScriptBuildPhase section */
		1055DB216EEE90BF56D2EEF2 /* [CP] Check Pods Manifest.lock */ = {
			isa = PBXShellScriptBuildPhase;
			buildActionMask = 2147483647;
			files = (
			);
			inputPaths = (
				"${PODS_PODFILE_DIR_PATH}/Podfile.lock",
				"${PODS_ROOT}/Manifest.lock",
			);
			name = "[CP] Check Pods Manifest.lock";
			outputPaths = (
				"$(DERIVED_FILE_DIR)/Pods-LWModules-checkManifestLockResult.txt",
			);
			runOnlyForDeploymentPostprocessing = 0;
			shellPath = /bin/sh;
			shellScript = "diff \"${PODS_PODFILE_DIR_PATH}/Podfile.lock\" \"${PODS_ROOT}/Manifest.lock\" > /dev/null\nif [ $? != 0 ] ; then\n    # print error to STDERR\n    echo \"error: The sandbox is not in sync with the Podfile.lock. Run 'pod install' or update your CocoaPods installation.\" >&2\n    exit 1\nfi\n# This output is used by Xcode 'outputs' to avoid re-running this script phase.\necho \"SUCCESS\" > \"${SCRIPT_OUTPUT_FILE_0}\"\n";
			showEnvVarsInLog = 0;
		};
		18B3F5E4BAEB48DED8AA5E55 /* [CP] Check Pods Manifest.lock */ = {
			isa = PBXShellScriptBuildPhase;
			buildActionMask = 2147483647;
			files = (
			);
			inputPaths = (
				"${PODS_PODFILE_DIR_PATH}/Podfile.lock",
				"${PODS_ROOT}/Manifest.lock",
			);
			name = "[CP] Check Pods Manifest.lock";
			outputPaths = (
				"$(DERIVED_FILE_DIR)/Pods-LWModulesTests-checkManifestLockResult.txt",
			);
			runOnlyForDeploymentPostprocessing = 0;
			shellPath = /bin/sh;
			shellScript = "diff \"${PODS_PODFILE_DIR_PATH}/Podfile.lock\" \"${PODS_ROOT}/Manifest.lock\" > /dev/null\nif [ $? != 0 ] ; then\n    # print error to STDERR\n    echo \"error: The sandbox is not in sync with the Podfile.lock. Run 'pod install' or update your CocoaPods installation.\" >&2\n    exit 1\nfi\n# This output is used by Xcode 'outputs' to avoid re-running this script phase.\necho \"SUCCESS\" > \"${SCRIPT_OUTPUT_FILE_0}\"\n";
			showEnvVarsInLog = 0;
		};
		1B56B53BA1105C01A52F2AE3 /* [CP] Embed Pods Frameworks */ = {
			isa = PBXShellScriptBuildPhase;
			buildActionMask = 2147483647;
			files = (
			);
			inputPaths = (
			);
			name = "[CP] Embed Pods Frameworks";
			outputPaths = (
			);
			runOnlyForDeploymentPostprocessing = 0;
			shellPath = /bin/sh;
			shellScript = "\"${SRCROOT}/Pods/Target Support Files/Pods-LWModules/Pods-LWModules-frameworks.sh\"\n";
			showEnvVarsInLog = 0;
		};
		6EC3BB2FF124796A55F1330E /* [CP] Embed Pods Frameworks */ = {
			isa = PBXShellScriptBuildPhase;
			buildActionMask = 2147483647;
			files = (
			);
			inputPaths = (
			);
			name = "[CP] Embed Pods Frameworks";
			outputPaths = (
			);
			runOnlyForDeploymentPostprocessing = 0;
			shellPath = /bin/sh;
			shellScript = "\"${SRCROOT}/Pods/Target Support Files/Pods-LWModulesTests/Pods-LWModulesTests-frameworks.sh\"\n";
			showEnvVarsInLog = 0;
		};
		9A1541BA23D5CAF391182075 /* [CP] Copy Pods Resources */ = {
			isa = PBXShellScriptBuildPhase;
			buildActionMask = 2147483647;
			files = (
			);
			inputPaths = (
			);
			name = "[CP] Copy Pods Resources";
			outputPaths = (
			);
			runOnlyForDeploymentPostprocessing = 0;
			shellPath = /bin/sh;
			shellScript = "\"${SRCROOT}/Pods/Target Support Files/Pods-LWModulesUITests/Pods-LWModulesUITests-resources.sh\"\n";
			showEnvVarsInLog = 0;
		};
		C04151ACE8EE64D896E87018 /* [CP] Embed Pods Frameworks */ = {
			isa = PBXShellScriptBuildPhase;
			buildActionMask = 2147483647;
			files = (
			);
			inputPaths = (
			);
			name = "[CP] Embed Pods Frameworks";
			outputPaths = (
			);
			runOnlyForDeploymentPostprocessing = 0;
			shellPath = /bin/sh;
			shellScript = "\"${SRCROOT}/Pods/Target Support Files/Pods-LWModulesUITests/Pods-LWModulesUITests-frameworks.sh\"\n";
			showEnvVarsInLog = 0;
		};
		D2BAC7B63D52C10CD98CB10B /* [CP] Check Pods Manifest.lock */ = {
			isa = PBXShellScriptBuildPhase;
			buildActionMask = 2147483647;
			files = (
			);
			inputPaths = (
				"${PODS_PODFILE_DIR_PATH}/Podfile.lock",
				"${PODS_ROOT}/Manifest.lock",
			);
			name = "[CP] Check Pods Manifest.lock";
			outputPaths = (
				"$(DERIVED_FILE_DIR)/Pods-LWModulesUITests-checkManifestLockResult.txt",
			);
			runOnlyForDeploymentPostprocessing = 0;
			shellPath = /bin/sh;
			shellScript = "diff \"${PODS_PODFILE_DIR_PATH}/Podfile.lock\" \"${PODS_ROOT}/Manifest.lock\" > /dev/null\nif [ $? != 0 ] ; then\n    # print error to STDERR\n    echo \"error: The sandbox is not in sync with the Podfile.lock. Run 'pod install' or update your CocoaPods installation.\" >&2\n    exit 1\nfi\n# This output is used by Xcode 'outputs' to avoid re-running this script phase.\necho \"SUCCESS\" > \"${SCRIPT_OUTPUT_FILE_0}\"\n";
			showEnvVarsInLog = 0;
		};
		EADBD1B906954D6ADE246B9F /* [CP] Copy Pods Resources */ = {
			isa = PBXShellScriptBuildPhase;
			buildActionMask = 2147483647;
			files = (
			);
			inputPaths = (
			);
			name = "[CP] Copy Pods Resources";
			outputPaths = (
			);
			runOnlyForDeploymentPostprocessing = 0;
			shellPath = /bin/sh;
			shellScript = "\"${SRCROOT}/Pods/Target Support Files/Pods-LWModulesTests/Pods-LWModulesTests-resources.sh\"\n";
			showEnvVarsInLog = 0;
		};
		EFDAC11260CF4BE84D7981BE /* [CP] Copy Pods Resources */ = {
			isa = PBXShellScriptBuildPhase;
			buildActionMask = 2147483647;
			files = (
			);
			inputPaths = (
				"${SRCROOT}/Pods/Target Support Files/Pods-LWModules/Pods-LWModules-resources.sh",
				"${PODS_ROOT}/GoogleMaps/Maps/Frameworks/GoogleMaps.framework/Resources/GoogleMaps.bundle",
				"${PODS_ROOT}/IQKeyboardManager/IQKeyboardManager/Resources/IQKeyboardManager.bundle",
				"${PODS_ROOT}/MJRefresh/MJRefresh/MJRefresh.bundle",
			);
			name = "[CP] Copy Pods Resources";
			outputPaths = (
				"${TARGET_BUILD_DIR}/${UNLOCALIZED_RESOURCES_FOLDER_PATH}",
			);
			runOnlyForDeploymentPostprocessing = 0;
			shellPath = /bin/sh;
			shellScript = "\"${SRCROOT}/Pods/Target Support Files/Pods-LWModules/Pods-LWModules-resources.sh\"\n";
			showEnvVarsInLog = 0;
		};
/* End PBXShellScriptBuildPhase section */

/* Begin PBXSourcesBuildPhase section */
		18B688F3206B71D700AEBDAC /* Sources */ = {
			isa = PBXSourcesBuildPhase;
			buildActionMask = 2147483647;
			files = (
				183DAD582077331A002690DB /* LWPullDownMenuWindow.m in Sources */,
				1842734F2074D9B500160987 /* LWCountDownComponent.m in Sources */,
				18B68A3C20709BE300AEBDAC /* LW_LoginBindModel.m in Sources */,
				183DAD5520772B76002690DB /* LWPullDownMenuContainer.m in Sources */,
				18B68A3D20709BE300AEBDAC /* LW_LoginCommonModel.m in Sources */,
				18B68959206CC09100AEBDAC /* DemoLoginInputView.m in Sources */,
				18B68933206B7AC400AEBDAC /* LWLoginModule.m in Sources */,
				183DB056208362AA002690DB /* LWBottomMenuViewController.m in Sources */,
				18B68956206CC05500AEBDAC /* DemoLoginViewController.m in Sources */,
				183DAE90207DC87A002690DB /* LWSegmentView.m in Sources */,
				18B6895D206CE86E00AEBDAC /* LWErrorFilter.m in Sources */,
				18B68AB02071E63C00AEBDAC /* UIViewController+LWOverwrite.m in Sources */,
				18B68A4020709BE300AEBDAC /* LW_LoginViewController.m in Sources */,
				183DAD5B20774541002690DB /* LWPullDownBaseViewController.m in Sources */,
				18B68A3F20709BE300AEBDAC /* LW_LoginRequest.m in Sources */,
				183DAE93207DCE2F002690DB /* LWSegmentViewCollectionViewCell.m in Sources */,
				18B688FF206B71D700AEBDAC /* ViewController.m in Sources */,
				18B68952206CB2DC00AEBDAC /* LWFlowLayoutTableViewCell.m in Sources */,
				184272E720735E6600160987 /* LWTextFieldMenuTableViewCell.m in Sources */,
				18B68A9A2071E1B400AEBDAC /* UIButton+LWEnlargeReact.m in Sources */,
				18B68A3E20709BE300AEBDAC /* LW_LoginModule.m in Sources */,
				183DB01F2082F13A002690DB /* LWEditableLabel.m in Sources */,
				18B68937206B90DD00AEBDAC /* LWLoginRequest.m in Sources */,
				18B6890A206B71D700AEBDAC /* main.m in Sources */,
				18B688FC206B71D700AEBDAC /* AppDelegate.m in Sources */,
				183DAD4C20764105002690DB /* LWNavigationComponentFactory.m in Sources */,
				18B6894F206CB28600AEBDAC /* LWFlowLayoutView.m in Sources */,
				183DB0502083625F002690DB /* LWBottomMenuContainer.m in Sources */,
				184272E620735E6600160987 /* LWTextFieldMenu.m in Sources */,
				183DB05320836282002690DB /* LWBottomMenuWindow.m in Sources */,
			);
			runOnlyForDeploymentPostprocessing = 0;
		};
		18B6890B206B71D700AEBDAC /* Sources */ = {
			isa = PBXSourcesBuildPhase;
			buildActionMask = 2147483647;
			files = (
				18B68914206B71D700AEBDAC /* LWModulesTests.m in Sources */,
			);
			runOnlyForDeploymentPostprocessing = 0;
		};
		18B68916206B71D700AEBDAC /* Sources */ = {
			isa = PBXSourcesBuildPhase;
			buildActionMask = 2147483647;
			files = (
				18B6891F206B71D700AEBDAC /* LWModulesUITests.m in Sources */,
			);
			runOnlyForDeploymentPostprocessing = 0;
		};
/* End PBXSourcesBuildPhase section */

/* Begin PBXTargetDependency section */
		18B68911206B71D700AEBDAC /* PBXTargetDependency */ = {
			isa = PBXTargetDependency;
			target = 18B688F6206B71D700AEBDAC /* LWModules */;
			targetProxy = 18B68910206B71D700AEBDAC /* PBXContainerItemProxy */;
		};
		18B6891C206B71D700AEBDAC /* PBXTargetDependency */ = {
			isa = PBXTargetDependency;
			target = 18B688F6206B71D700AEBDAC /* LWModules */;
			targetProxy = 18B6891B206B71D700AEBDAC /* PBXContainerItemProxy */;
		};
/* End PBXTargetDependency section */

/* Begin PBXVariantGroup section */
		18B68900206B71D700AEBDAC /* Main.storyboard */ = {
			isa = PBXVariantGroup;
			children = (
				18B68901206B71D700AEBDAC /* Base */,
			);
			name = Main.storyboard;
			sourceTree = "<group>";
		};
		18B68905206B71D700AEBDAC /* LaunchScreen.storyboard */ = {
			isa = PBXVariantGroup;
			children = (
				18B68906206B71D700AEBDAC /* Base */,
			);
			name = LaunchScreen.storyboard;
			sourceTree = "<group>";
		};
/* End PBXVariantGroup section */

/* Begin XCBuildConfiguration section */
		18B68921206B71D700AEBDAC /* Debug */ = {
			isa = XCBuildConfiguration;
			buildSettings = {
				ALWAYS_SEARCH_USER_PATHS = NO;
				CLANG_ANALYZER_NONNULL = YES;
				CLANG_ANALYZER_NUMBER_OBJECT_CONVERSION = YES_AGGRESSIVE;
				CLANG_CXX_LANGUAGE_STANDARD = "gnu++14";
				CLANG_CXX_LIBRARY = "libc++";
				CLANG_ENABLE_MODULES = YES;
				CLANG_ENABLE_OBJC_ARC = YES;
				CLANG_WARN_BLOCK_CAPTURE_AUTORELEASING = YES;
				CLANG_WARN_BOOL_CONVERSION = YES;
				CLANG_WARN_COMMA = YES;
				CLANG_WARN_CONSTANT_CONVERSION = YES;
				CLANG_WARN_DIRECT_OBJC_ISA_USAGE = YES_ERROR;
				CLANG_WARN_DOCUMENTATION_COMMENTS = YES;
				CLANG_WARN_EMPTY_BODY = YES;
				CLANG_WARN_ENUM_CONVERSION = YES;
				CLANG_WARN_INFINITE_RECURSION = YES;
				CLANG_WARN_INT_CONVERSION = YES;
				CLANG_WARN_NON_LITERAL_NULL_CONVERSION = YES;
				CLANG_WARN_OBJC_LITERAL_CONVERSION = YES;
				CLANG_WARN_OBJC_ROOT_CLASS = YES_ERROR;
				CLANG_WARN_RANGE_LOOP_ANALYSIS = YES;
				CLANG_WARN_STRICT_PROTOTYPES = YES;
				CLANG_WARN_SUSPICIOUS_MOVE = YES;
				CLANG_WARN_UNGUARDED_AVAILABILITY = YES_AGGRESSIVE;
				CLANG_WARN_UNREACHABLE_CODE = YES;
				CLANG_WARN__DUPLICATE_METHOD_MATCH = YES;
				CODE_SIGN_IDENTITY = "iPhone Developer";
				COPY_PHASE_STRIP = NO;
				DEBUG_INFORMATION_FORMAT = dwarf;
				ENABLE_STRICT_OBJC_MSGSEND = YES;
				ENABLE_TESTABILITY = YES;
				GCC_C_LANGUAGE_STANDARD = gnu11;
				GCC_DYNAMIC_NO_PIC = NO;
				GCC_NO_COMMON_BLOCKS = YES;
				GCC_OPTIMIZATION_LEVEL = 0;
				GCC_PREPROCESSOR_DEFINITIONS = (
					"DEBUG=1",
					"$(inherited)",
				);
				GCC_WARN_64_TO_32_BIT_CONVERSION = YES;
				GCC_WARN_ABOUT_RETURN_TYPE = YES_ERROR;
				GCC_WARN_UNDECLARED_SELECTOR = YES;
				GCC_WARN_UNINITIALIZED_AUTOS = YES_AGGRESSIVE;
				GCC_WARN_UNUSED_FUNCTION = YES;
				GCC_WARN_UNUSED_VARIABLE = YES;
				IPHONEOS_DEPLOYMENT_TARGET = 11.2;
				MTL_ENABLE_DEBUG_INFO = YES;
				ONLY_ACTIVE_ARCH = YES;
				SDKROOT = iphoneos;
			};
			name = Debug;
		};
		18B68922206B71D700AEBDAC /* Release */ = {
			isa = XCBuildConfiguration;
			buildSettings = {
				ALWAYS_SEARCH_USER_PATHS = NO;
				CLANG_ANALYZER_NONNULL = YES;
				CLANG_ANALYZER_NUMBER_OBJECT_CONVERSION = YES_AGGRESSIVE;
				CLANG_CXX_LANGUAGE_STANDARD = "gnu++14";
				CLANG_CXX_LIBRARY = "libc++";
				CLANG_ENABLE_MODULES = YES;
				CLANG_ENABLE_OBJC_ARC = YES;
				CLANG_WARN_BLOCK_CAPTURE_AUTORELEASING = YES;
				CLANG_WARN_BOOL_CONVERSION = YES;
				CLANG_WARN_COMMA = YES;
				CLANG_WARN_CONSTANT_CONVERSION = YES;
				CLANG_WARN_DIRECT_OBJC_ISA_USAGE = YES_ERROR;
				CLANG_WARN_DOCUMENTATION_COMMENTS = YES;
				CLANG_WARN_EMPTY_BODY = YES;
				CLANG_WARN_ENUM_CONVERSION = YES;
				CLANG_WARN_INFINITE_RECURSION = YES;
				CLANG_WARN_INT_CONVERSION = YES;
				CLANG_WARN_NON_LITERAL_NULL_CONVERSION = YES;
				CLANG_WARN_OBJC_LITERAL_CONVERSION = YES;
				CLANG_WARN_OBJC_ROOT_CLASS = YES_ERROR;
				CLANG_WARN_RANGE_LOOP_ANALYSIS = YES;
				CLANG_WARN_STRICT_PROTOTYPES = YES;
				CLANG_WARN_SUSPICIOUS_MOVE = YES;
				CLANG_WARN_UNGUARDED_AVAILABILITY = YES_AGGRESSIVE;
				CLANG_WARN_UNREACHABLE_CODE = YES;
				CLANG_WARN__DUPLICATE_METHOD_MATCH = YES;
				CODE_SIGN_IDENTITY = "iPhone Developer";
				COPY_PHASE_STRIP = NO;
				DEBUG_INFORMATION_FORMAT = "dwarf-with-dsym";
				ENABLE_NS_ASSERTIONS = NO;
				ENABLE_STRICT_OBJC_MSGSEND = YES;
				GCC_C_LANGUAGE_STANDARD = gnu11;
				GCC_NO_COMMON_BLOCKS = YES;
				GCC_WARN_64_TO_32_BIT_CONVERSION = YES;
				GCC_WARN_ABOUT_RETURN_TYPE = YES_ERROR;
				GCC_WARN_UNDECLARED_SELECTOR = YES;
				GCC_WARN_UNINITIALIZED_AUTOS = YES_AGGRESSIVE;
				GCC_WARN_UNUSED_FUNCTION = YES;
				GCC_WARN_UNUSED_VARIABLE = YES;
				IPHONEOS_DEPLOYMENT_TARGET = 11.2;
				MTL_ENABLE_DEBUG_INFO = NO;
				SDKROOT = iphoneos;
				VALIDATE_PRODUCT = YES;
			};
			name = Release;
		};
		18B68924206B71D700AEBDAC /* Debug */ = {
			isa = XCBuildConfiguration;
			baseConfigurationReference = 0952F2B5297BFFDAD43066BA /* Pods-LWModules.debug.xcconfig */;
			buildSettings = {
				ASSETCATALOG_COMPILER_APPICON_NAME = AppIcon;
				CODE_SIGN_STYLE = Automatic;
				DEVELOPMENT_TEAM = 6EP8K4CAKD;
				INFOPLIST_FILE = LWModules/Info.plist;
				LD_RUNPATH_SEARCH_PATHS = "$(inherited) @executable_path/Frameworks";
				PRODUCT_BUNDLE_IDENTIFIER = Sakamoto.LWModules;
				PRODUCT_NAME = "$(TARGET_NAME)";
				TARGETED_DEVICE_FAMILY = "1,2";
			};
			name = Debug;
		};
		18B68925206B71D700AEBDAC /* Release */ = {
			isa = XCBuildConfiguration;
			baseConfigurationReference = DD1FBFB6319654B99D32DA28 /* Pods-LWModules.release.xcconfig */;
			buildSettings = {
				ASSETCATALOG_COMPILER_APPICON_NAME = AppIcon;
				CODE_SIGN_STYLE = Automatic;
				DEVELOPMENT_TEAM = 6EP8K4CAKD;
				INFOPLIST_FILE = LWModules/Info.plist;
				LD_RUNPATH_SEARCH_PATHS = "$(inherited) @executable_path/Frameworks";
				PRODUCT_BUNDLE_IDENTIFIER = Sakamoto.LWModules;
				PRODUCT_NAME = "$(TARGET_NAME)";
				TARGETED_DEVICE_FAMILY = "1,2";
			};
			name = Release;
		};
		18B68927206B71D700AEBDAC /* Debug */ = {
			isa = XCBuildConfiguration;
			baseConfigurationReference = 4FB154F874E56F62B9C44271 /* Pods-LWModulesTests.debug.xcconfig */;
			buildSettings = {
				BUNDLE_LOADER = "$(TEST_HOST)";
				CODE_SIGN_STYLE = Automatic;
				DEVELOPMENT_TEAM = 6EP8K4CAKD;
				INFOPLIST_FILE = LWModulesTests/Info.plist;
				LD_RUNPATH_SEARCH_PATHS = "$(inherited) @executable_path/Frameworks @loader_path/Frameworks";
				PRODUCT_BUNDLE_IDENTIFIER = Sakamoto.LWModulesTests;
				PRODUCT_NAME = "$(TARGET_NAME)";
				TARGETED_DEVICE_FAMILY = "1,2";
				TEST_HOST = "$(BUILT_PRODUCTS_DIR)/LWModules.app/LWModules";
			};
			name = Debug;
		};
		18B68928206B71D700AEBDAC /* Release */ = {
			isa = XCBuildConfiguration;
			baseConfigurationReference = A1BF21A01138A5822383E1F2 /* Pods-LWModulesTests.release.xcconfig */;
			buildSettings = {
				BUNDLE_LOADER = "$(TEST_HOST)";
				CODE_SIGN_STYLE = Automatic;
				DEVELOPMENT_TEAM = 6EP8K4CAKD;
				INFOPLIST_FILE = LWModulesTests/Info.plist;
				LD_RUNPATH_SEARCH_PATHS = "$(inherited) @executable_path/Frameworks @loader_path/Frameworks";
				PRODUCT_BUNDLE_IDENTIFIER = Sakamoto.LWModulesTests;
				PRODUCT_NAME = "$(TARGET_NAME)";
				TARGETED_DEVICE_FAMILY = "1,2";
				TEST_HOST = "$(BUILT_PRODUCTS_DIR)/LWModules.app/LWModules";
			};
			name = Release;
		};
		18B6892A206B71D700AEBDAC /* Debug */ = {
			isa = XCBuildConfiguration;
			baseConfigurationReference = 61C26DEEB74E4FC969BDE749 /* Pods-LWModulesUITests.debug.xcconfig */;
			buildSettings = {
				CODE_SIGN_STYLE = Automatic;
				DEVELOPMENT_TEAM = 6EP8K4CAKD;
				INFOPLIST_FILE = LWModulesUITests/Info.plist;
				LD_RUNPATH_SEARCH_PATHS = "$(inherited) @executable_path/Frameworks @loader_path/Frameworks";
				PRODUCT_BUNDLE_IDENTIFIER = Sakamoto.LWModulesUITests;
				PRODUCT_NAME = "$(TARGET_NAME)";
				TARGETED_DEVICE_FAMILY = "1,2";
				TEST_TARGET_NAME = LWModules;
			};
			name = Debug;
		};
		18B6892B206B71D700AEBDAC /* Release */ = {
			isa = XCBuildConfiguration;
			baseConfigurationReference = 4543AFC0B576B6108B475179 /* Pods-LWModulesUITests.release.xcconfig */;
			buildSettings = {
				CODE_SIGN_STYLE = Automatic;
				DEVELOPMENT_TEAM = 6EP8K4CAKD;
				INFOPLIST_FILE = LWModulesUITests/Info.plist;
				LD_RUNPATH_SEARCH_PATHS = "$(inherited) @executable_path/Frameworks @loader_path/Frameworks";
				PRODUCT_BUNDLE_IDENTIFIER = Sakamoto.LWModulesUITests;
				PRODUCT_NAME = "$(TARGET_NAME)";
				TARGETED_DEVICE_FAMILY = "1,2";
				TEST_TARGET_NAME = LWModules;
			};
			name = Release;
		};
/* End XCBuildConfiguration section */

/* Begin XCConfigurationList section */
		18B688F2206B71D700AEBDAC /* Build configuration list for PBXProject "LWModules" */ = {
			isa = XCConfigurationList;
			buildConfigurations = (
				18B68921206B71D700AEBDAC /* Debug */,
				18B68922206B71D700AEBDAC /* Release */,
			);
			defaultConfigurationIsVisible = 0;
			defaultConfigurationName = Release;
		};
		18B68923206B71D700AEBDAC /* Build configuration list for PBXNativeTarget "LWModules" */ = {
			isa = XCConfigurationList;
			buildConfigurations = (
				18B68924206B71D700AEBDAC /* Debug */,
				18B68925206B71D700AEBDAC /* Release */,
			);
			defaultConfigurationIsVisible = 0;
			defaultConfigurationName = Release;
		};
		18B68926206B71D700AEBDAC /* Build configuration list for PBXNativeTarget "LWModulesTests" */ = {
			isa = XCConfigurationList;
			buildConfigurations = (
				18B68927206B71D700AEBDAC /* Debug */,
				18B68928206B71D700AEBDAC /* Release */,
			);
			defaultConfigurationIsVisible = 0;
			defaultConfigurationName = Release;
		};
		18B68929206B71D700AEBDAC /* Build configuration list for PBXNativeTarget "LWModulesUITests" */ = {
			isa = XCConfigurationList;
			buildConfigurations = (
				18B6892A206B71D700AEBDAC /* Debug */,
				18B6892B206B71D700AEBDAC /* Release */,
			);
			defaultConfigurationIsVisible = 0;
			defaultConfigurationName = Release;
		};
/* End XCConfigurationList section */
	};
	rootObject = 18B688EF206B71D700AEBDAC /* Project object */;
}
